
Microsoft Visual Studio Solution File, Format Version 12.00
# Visual Studio 15
VisualStudioVersion = 15.0.28307.572
MinimumVisualStudioVersion = 10.0.40219.1
Project("{FAE04EC0-301F-11D3-BF4B-00C04F79EFBC}") = "NoSQL", "NoSQL\NoSQL.csproj", "{6A5E7845-1FDE-46FB-8D9F-EE5250F6F084}"
EndProject
Global
	GlobalSection(SolutionConfigurationPlatforms) = preSolution
		Debug|Any CPU = Debug|Any CPU
		Release|Any CPU = Release|Any CPU
	EndGlobalSection
	GlobalSection(ProjectConfigurationPlatforms) = postSolution
		{6A5E7845-1FDE-46FB-8D9F-EE5250F6F084}.Debug|Any CPU.ActiveCfg = Debug|Any CPU
		{6A5E7845-1FDE-46FB-8D9F-EE5250F6F084}.Debug|Any CPU.Build.0 = Debug|Any CPU
		{6A5E7845-1FDE-46FB-8D9F-EE5250F6F084}.Release|Any CPU.ActiveCfg = Release|Any CPU
		{6A5E7845-1FDE-46FB-8D9F-EE5250F6F084}.Release|Any CPU.Build.0 = Release|Any CPU
	EndGlobalSection
	GlobalSection(SolutionProperties) = preSolution
		HideSolutionNode = FALSE
	EndGlobalSection
	GlobalSection(ExtensibilityGlobals) = postSolution
		SolutionGuid = {BC22C2ED-8B3A-489D-BDED-BF18078196C2}
	EndGlobalSection
EndGlobal
